{
  "name": "seda-monorepo",
  "lockfileVersion": 3,
  "requires": true,
  "packages": {
    "": {
      "dependencies": {
        "@sentry/react": "^10.29.0"
      }
    },
    "node_modules/@sentry-internal/browser-utils": {
      "version": "10.29.0",
      "resolved": "https://registry.npmjs.org/@sentry-internal/browser-utils/-/browser-utils-10.29.0.tgz",
      "integrity": "sha512-M3kycMY6f3KY9a8jDYac+yG0E3ZgWVWSxlOEC5MhYyX+g7mqxkwrb3LFQyuxSm/m+CCgMTCaPOOaB2twXP6EQg==",
      "license": "MIT",
      "dependencies": {
        "@sentry/core": "10.29.0"
      },
      "engines": {
        "node": ">=18"
      }
    },
    "node_modules/@sentry-internal/feedback": {
      "version": "10.29.0",
      "resolved": "https://registry.npmjs.org/@sentry-internal/feedback/-/feedback-10.29.0.tgz",
      "integrity": "sha512-Y7IRsNeS99cEONu1mZWZc3HvbjNnu59Hgymm0swFFKbdgbCgdT6l85kn2oLsuq4Ew8Dw/pL/Sgpwsl9UgYFpUg==",
      "license": "MIT",
      "dependencies": {
        "@sentry/core": "10.29.0"
      },
      "engines": {
        "node": ">=18"
      }
    },
    "node_modules/@sentry-internal/replay": {
      "version": "10.29.0",
      "resolved": "https://registry.npmjs.org/@sentry-internal/replay/-/replay-10.29.0.tgz",
      "integrity": "sha512-45NVw9PwB9TQ8z+xJ6G6Za+wmQ1RTA35heBSzR6U4bknj8LmA04k2iwnobvxCBEQXeLfcJEO1vFgagMoqMZMBw==",
      "license": "MIT",
      "dependencies": {
        "@sentry-internal/browser-utils": "10.29.0",
        "@sentry/core": "10.29.0"
      },
      "engines": {
        "node": ">=18"
      }
    },
    "node_modules/@sentry-internal/replay-canvas": {
      "version": "10.29.0",
      "resolved": "https://registry.npmjs.org/@sentry-internal/replay-canvas/-/replay-canvas-10.29.0.tgz",
      "integrity": "sha512-typY4JrpAQQGPuSyd/BD8+nNCbvTV2UVvKzr+iKgI0m1qc4Dz8tHZ4Nfais2Z8eYn/pL1kqVQN5ERTmJoYFdIw==",
      "license": "MIT",
      "dependencies": {
        "@sentry-internal/replay": "10.29.0",
        "@sentry/core": "10.29.0"
      },
      "engines": {
        "node": ">=18"
      }
    },
    "node_modules/@sentry/browser": {
      "version": "10.29.0",
      "resolved": "https://registry.npmjs.org/@sentry/browser/-/browser-10.29.0.tgz",
      "integrity": "sha512-XdbyIR6F4qoR9Z1JCWTgunVcTJjS9p2Th+v4wYs4ME+ZdLC4tuKKmRgYg3YdSIWCn1CBfIgdI6wqETSf7H6Njw==",
      "license": "MIT",
      "dependencies": {
        "@sentry-internal/browser-utils": "10.29.0",
        "@sentry-internal/feedback": "10.29.0",
        "@sentry-internal/replay": "10.29.0",
        "@sentry-internal/replay-canvas": "10.29.0",
        "@sentry/core": "10.29.0"
      },
      "engines": {
        "node": ">=18"
      }
    },
    "node_modules/@sentry/core": {
      "version": "10.29.0",
      "resolved": "https://registry.npmjs.org/@sentry/core/-/core-10.29.0.tgz",
      "integrity": "sha512-olQ2DU9dA/Bwsz3PtA9KNXRMqBWRQSkPw+MxwWEoU1K1qtiM9L0j6lbEFb5iSY3d7WYD5MB+1d5COugjSBrHtw==",
      "license": "MIT",
      "engines": {
        "node": ">=18"
      }
    },
    "node_modules/@sentry/react": {
      "version": "10.29.0",
      "resolved": "https://registry.npmjs.org/@sentry/react/-/react-10.29.0.tgz",
      "integrity": "sha512-YGaEUXubzil7qssD1koh1fyt0aS8tHB61/6+oNShJ6xZPg03AB42bNMr2/y8fIFx36kb3MiCA5sFoH/ubF0LnQ==",
      "license": "MIT",
      "dependencies": {
        "@sentry/browser": "10.29.0",
        "@sentry/core": "10.29.0",
        "hoist-non-react-statics": "^3.3.2"
      },
      "engines": {
        "node": ">=18"
      },
      "peerDependencies": {
        "react": "^16.14.0 || 17.x || 18.x || 19.x"
      }
    },
    "node_modules/hoist-non-react-statics": {
      "version": "3.3.2",
      "resolved": "https://registry.npmjs.org/hoist-non-react-statics/-/hoist-non-react-statics-3.3.2.tgz",
      "integrity": "sha512-/gGivxi8JPKWNm/W0jSmzcMPpfpPLc3dY/6GxhX2hQ9iGj3aDfklV4ET7NjKpSinLpJ5vafa9iiGIEZg10SfBw==",
      "license": "BSD-3-Clause",
      "dependencies": {
        "react-is": "^16.7.0"
      }
    },
    "node_modules/react": {
      "version": "19.2.1",
      "resolved": "https://registry.npmjs.org/react/-/react-19.2.1.tgz",
      "integrity": "sha512-DGrYcCWK7tvYMnWh79yrPHt+vdx9tY+1gPZa7nJQtO/p8bLTDaHp4dzwEhQB7pZ4Xe3ok4XKuEPrVuc+wlpkmw==",
      "license": "MIT",
      "peer": true,
      "engines": {
        "node": ">=0.10.0"
      }
    },
    "node_modules/react-is": {
      "version": "16.13.1",
      "resolved": "https://registry.npmjs.org/react-is/-/react-is-16.13.1.tgz",
      "integrity": "sha512-24e6ynE2H+OKt4kqsOvNd8kBpV65zoxbA4BVsEOB3ARVWQki/DHzaUoC5KuON/BiccDaCCTZBuOcfZs70kR8bQ==",
      "license": "MIT"
    }
  }
}
